
Microsoft Visual Studio Solution File, Format Version 11.00
# Visual Studio 2010
Project("{8BC9CEB8-8B4A-11D0-8D11-00A0C91BC942}") = "All", "All.vcxproj", "{E077BBCC-5B8C-4EC5-8ECB-6587C54471E8}"
EndProject
Global
	GlobalSection(SolutionConfigurationPlatforms) = preSolution
		Debug|Win32 = Debug|Win32
		Release|Win32 = Release|Win32
	EndGlobalSection
	GlobalSection(ProjectConfigurationPlatforms) = postSolution
		{E077BBCC-5B8C-4EC5-8ECB-6587C54471E8}.Debug|Win32.ActiveCfg = Debug|Win32
		{E077BBCC-5B8C-4EC5-8ECB-6587C54471E8}.Debug|Win32.Build.0 = Debug|Win32
		{E077BBCC-5B8C-4EC5-8ECB-6587C54471E8}.Release|Win32.ActiveCfg = Release|Win32
		{E077BBCC-5B8C-4EC5-8ECB-6587C54471E8}.Release|Win32.Build.0 = Release|Win32
	EndGlobalSection
	GlobalSection(SolutionProperties) = preSolution
		HideSolutionNode = FALSE
	EndGlobalSection
EndGlobal
